{
  "name": "node",
  "version": "1.0.0",
  "lockfileVersion": 3,
  "requires": true,
  "packages": {
    "": {
      "name": "node",
      "version": "1.0.0",
      "dependencies": {
        "jieba-wasm": "file:../.."
      },
      "devDependencies": {}
    },
    "../..": {
      "version": "2.0.0",
      "license": "MIT",
      "devDependencies": {
        "wireit": "^0.14.4"
      }
    },
    "node_modules/jieba-wasm": {
      "resolved": "../..",
      "link": true
    }
  }
}
